
Microsoft Visual Studio Solution File, Format Version 12.00
# Visual Studio 15
Project("{FAE04EC0-301F-11D3-BF4B-00C04F79EFBC}") = "UnityEngine.TestRunner", "UnityEngine.TestRunner.csproj", "{C3A63BA9-321D-8465-775D-0147FDA6A2B5}"
EndProject
Project("{FAE04EC0-301F-11D3-BF4B-00C04F79EFBC}") = "Zenject", "Zenject.csproj", "{70ABF7B1-BA37-B4D5-CA5E-156844F6F65A}"
EndProject
Project("{FAE04EC0-301F-11D3-BF4B-00C04F79EFBC}") = "Zenject-IntegrationTests", "Zenject-IntegrationTests.csproj", "{202C86A7-8713-4265-1CCB-7C755D8C7CE6}"
EndProject
Project("{FAE04EC0-301F-11D3-BF4B-00C04F79EFBC}") = "Unity.TextMeshPro", "Unity.TextMeshPro.csproj", "{C60EC315-00FE-4E50-8C19-14D2479F6F7C}"
EndProject
Project("{FAE04EC0-301F-11D3-BF4B-00C04F79EFBC}") = "Unity.Timeline", "Unity.Timeline.csproj", "{6399461E-1AF1-5F0B-7E19-77DC5F97EBA6}"
EndProject
Project("{FAE04EC0-301F-11D3-BF4B-00C04F79EFBC}") = "Zenject-IntegrationTests-Editor", "Zenject-IntegrationTests-Editor.csproj", "{C7815D85-46E0-05E5-C40B-2D199821DF26}"
EndProject
Project("{FAE04EC0-301F-11D3-BF4B-00C04F79EFBC}") = "Scenes", "Scenes.csproj", "{CB4C5F48-CF3A-B467-4750-267F117DCE6E}"
EndProject
Project("{FAE04EC0-301F-11D3-BF4B-00C04F79EFBC}") = "UnityEditor.TestRunner", "UnityEditor.TestRunner.csproj", "{4A2BF3CF-5445-0F0D-991A-FA027F432619}"
EndProject
Project("{FAE04EC0-301F-11D3-BF4B-00C04F79EFBC}") = "Unity.TextMeshPro.Editor", "Unity.TextMeshPro.Editor.csproj", "{245769F5-8D2A-226B-3413-4339DD7C18A3}"
EndProject
Project("{FAE04EC0-301F-11D3-BF4B-00C04F79EFBC}") = "Unity.Timeline.Editor", "Unity.Timeline.Editor.csproj", "{380B0457-1D6A-49BA-3F3F-ACC016CABC15}"
EndProject
Project("{FAE04EC0-301F-11D3-BF4B-00C04F79EFBC}") = "Zenject-PoolMonitor-Editor", "Zenject-PoolMonitor-Editor.csproj", "{6B3DEA7B-3193-C7EF-EF7A-6EE8FBE08909}"
EndProject
Project("{FAE04EC0-301F-11D3-BF4B-00C04F79EFBC}") = "Zenject-UnitTests-Editor", "Zenject-UnitTests-Editor.csproj", "{DA5F9C71-A025-92CD-7F74-4431C4425CDE}"
EndProject
Project("{FAE04EC0-301F-11D3-BF4B-00C04F79EFBC}") = "Unity.Rider.Editor", "Unity.Rider.Editor.csproj", "{3472345C-52E8-0EDE-6D93-530C669EAF69}"
EndProject
Project("{FAE04EC0-301F-11D3-BF4B-00C04F79EFBC}") = "Zenject-ReflectionBaking-Editor", "Zenject-ReflectionBaking-Editor.csproj", "{4FB11C1A-C97E-8D15-7C49-1278B5840F99}"
EndProject
Project("{FAE04EC0-301F-11D3-BF4B-00C04F79EFBC}") = "Unity.CollabProxy.Editor", "Unity.CollabProxy.Editor.csproj", "{DDF394DF-A4FA-74FB-AB17-45BE5C9F4094}"
EndProject
Project("{FAE04EC0-301F-11D3-BF4B-00C04F79EFBC}") = "Unity.VSCode.Editor", "Unity.VSCode.Editor.csproj", "{AA3BE4FF-F55E-DD4F-0EBF-27C7C0E5B859}"
EndProject
Project("{FAE04EC0-301F-11D3-BF4B-00C04F79EFBC}") = "Zenject-Editor", "Zenject-Editor.csproj", "{E6C8B803-89C6-F953-DCC9-DBEB5CCABDE2}"
EndProject
Project("{FAE04EC0-301F-11D3-BF4B-00C04F79EFBC}") = "Zenject-TestFramework", "Zenject-TestFramework.csproj", "{CB774878-BD67-9A57-25F2-9BE115C66C9D}"
EndProject
Project("{FAE04EC0-301F-11D3-BF4B-00C04F79EFBC}") = "Tests", "Tests.csproj", "{B8D40FFF-2624-16BD-3FE6-1BE638F061B0}"
EndProject
Project("{FAE04EC0-301F-11D3-BF4B-00C04F79EFBC}") = "Zenject.Player", "Zenject.Player.csproj", "{FCD803BA-42E6-5001-DEBB-10B15CC3F563}"
EndProject
Project("{FAE04EC0-301F-11D3-BF4B-00C04F79EFBC}") = "Zenject-IntegrationTests.Player", "Zenject-IntegrationTests.Player.csproj", "{DFECA415-2254-D34E-4C59-AE06C2B3F5A9}"
EndProject
Project("{FAE04EC0-301F-11D3-BF4B-00C04F79EFBC}") = "Zenject-IntegrationTests-Editor.Player", "Zenject-IntegrationTests-Editor.Player.csproj", "{6D9C0E73-FC73-D89D-02AB-C75084E98862}"
EndProject
Project("{FAE04EC0-301F-11D3-BF4B-00C04F79EFBC}") = "Scenes.Player", "Scenes.Player.csproj", "{583D7210-A4C6-44B5-FF8C-513CB8A5D70C}"
EndProject
Global
	GlobalSection(SolutionConfigurationPlatforms) = preSolution
		Debug|Any CPU = Debug|Any CPU
		Release|Any CPU = Release|Any CPU
	EndGlobalSection
	GlobalSection(ProjectConfigurationPlatforms) = postSolution
		{C3A63BA9-321D-8465-775D-0147FDA6A2B5}.Debug|Any CPU.ActiveCfg = Debug|Any CPU
		{C3A63BA9-321D-8465-775D-0147FDA6A2B5}.Debug|Any CPU.Build.0 = Debug|Any CPU
		{C3A63BA9-321D-8465-775D-0147FDA6A2B5}.Release|Any CPU.ActiveCfg = Release|Any CPU
		{C3A63BA9-321D-8465-775D-0147FDA6A2B5}.Release|Any CPU.Build.0 = Release|Any CPU
		{70ABF7B1-BA37-B4D5-CA5E-156844F6F65A}.Debug|Any CPU.ActiveCfg = Debug|Any CPU
		{70ABF7B1-BA37-B4D5-CA5E-156844F6F65A}.Debug|Any CPU.Build.0 = Debug|Any CPU
		{70ABF7B1-BA37-B4D5-CA5E-156844F6F65A}.Release|Any CPU.ActiveCfg = Release|Any CPU
		{70ABF7B1-BA37-B4D5-CA5E-156844F6F65A}.Release|Any CPU.Build.0 = Release|Any CPU
		{202C86A7-8713-4265-1CCB-7C755D8C7CE6}.Debug|Any CPU.ActiveCfg = Debug|Any CPU
		{202C86A7-8713-4265-1CCB-7C755D8C7CE6}.Debug|Any CPU.Build.0 = Debug|Any CPU
		{202C86A7-8713-4265-1CCB-7C755D8C7CE6}.Release|Any CPU.ActiveCfg = Release|Any CPU
		{202C86A7-8713-4265-1CCB-7C755D8C7CE6}.Release|Any CPU.Build.0 = Release|Any CPU
		{C60EC315-00FE-4E50-8C19-14D2479F6F7C}.Debug|Any CPU.ActiveCfg = Debug|Any CPU
		{C60EC315-00FE-4E50-8C19-14D2479F6F7C}.Debug|Any CPU.Build.0 = Debug|Any CPU
		{C60EC315-00FE-4E50-8C19-14D2479F6F7C}.Release|Any CPU.ActiveCfg = Release|Any CPU
		{C60EC315-00FE-4E50-8C19-14D2479F6F7C}.Release|Any CPU.Build.0 = Release|Any CPU
		{6399461E-1AF1-5F0B-7E19-77DC5F97EBA6}.Debug|Any CPU.ActiveCfg = Debug|Any CPU
		{6399461E-1AF1-5F0B-7E19-77DC5F97EBA6}.Debug|Any CPU.Build.0 = Debug|Any CPU
		{6399461E-1AF1-5F0B-7E19-77DC5F97EBA6}.Release|Any CPU.ActiveCfg = Release|Any CPU
		{6399461E-1AF1-5F0B-7E19-77DC5F97EBA6}.Release|Any CPU.Build.0 = Release|Any CPU
		{C7815D85-46E0-05E5-C40B-2D199821DF26}.Debug|Any CPU.ActiveCfg = Debug|Any CPU
		{C7815D85-46E0-05E5-C40B-2D199821DF26}.Debug|Any CPU.Build.0 = Debug|Any CPU
		{C7815D85-46E0-05E5-C40B-2D199821DF26}.Release|Any CPU.ActiveCfg = Release|Any CPU
		{C7815D85-46E0-05E5-C40B-2D199821DF26}.Release|Any CPU.Build.0 = Release|Any CPU
		{CB4C5F48-CF3A-B467-4750-267F117DCE6E}.Debug|Any CPU.ActiveCfg = Debug|Any CPU
		{CB4C5F48-CF3A-B467-4750-267F117DCE6E}.Debug|Any CPU.Build.0 = Debug|Any CPU
		{CB4C5F48-CF3A-B467-4750-267F117DCE6E}.Release|Any CPU.ActiveCfg = Release|Any CPU
		{CB4C5F48-CF3A-B467-4750-267F117DCE6E}.Release|Any CPU.Build.0 = Release|Any CPU
		{4A2BF3CF-5445-0F0D-991A-FA027F432619}.Debug|Any CPU.ActiveCfg = Debug|Any CPU
		{4A2BF3CF-5445-0F0D-991A-FA027F432619}.Debug|Any CPU.Build.0 = Debug|Any CPU
		{4A2BF3CF-5445-0F0D-991A-FA027F432619}.Release|Any CPU.ActiveCfg = Release|Any CPU
		{4A2BF3CF-5445-0F0D-991A-FA027F432619}.Release|Any CPU.Build.0 = Release|Any CPU
		{245769F5-8D2A-226B-3413-4339DD7C18A3}.Debug|Any CPU.ActiveCfg = Debug|Any CPU
		{245769F5-8D2A-226B-3413-4339DD7C18A3}.Debug|Any CPU.Build.0 = Debug|Any CPU
		{245769F5-8D2A-226B-3413-4339DD7C18A3}.Release|Any CPU.ActiveCfg = Release|Any CPU
		{245769F5-8D2A-226B-3413-4339DD7C18A3}.Release|Any CPU.Build.0 = Release|Any CPU
		{380B0457-1D6A-49BA-3F3F-ACC016CABC15}.Debug|Any CPU.ActiveCfg = Debug|Any CPU
		{380B0457-1D6A-49BA-3F3F-ACC016CABC15}.Debug|Any CPU.Build.0 = Debug|Any CPU
		{380B0457-1D6A-49BA-3F3F-ACC016CABC15}.Release|Any CPU.ActiveCfg = Release|Any CPU
		{380B0457-1D6A-49BA-3F3F-ACC016CABC15}.Release|Any CPU.Build.0 = Release|Any CPU
		{6B3DEA7B-3193-C7EF-EF7A-6EE8FBE08909}.Debug|Any CPU.ActiveCfg = Debug|Any CPU
		{6B3DEA7B-3193-C7EF-EF7A-6EE8FBE08909}.Debug|Any CPU.Build.0 = Debug|Any CPU
		{6B3DEA7B-3193-C7EF-EF7A-6EE8FBE08909}.Release|Any CPU.ActiveCfg = Release|Any CPU
		{6B3DEA7B-3193-C7EF-EF7A-6EE8FBE08909}.Release|Any CPU.Build.0 = Release|Any CPU
		{DA5F9C71-A025-92CD-7F74-4431C4425CDE}.Debug|Any CPU.ActiveCfg = Debug|Any CPU
		{DA5F9C71-A025-92CD-7F74-4431C4425CDE}.Debug|Any CPU.Build.0 = Debug|Any CPU
		{DA5F9C71-A025-92CD-7F74-4431C4425CDE}.Release|Any CPU.ActiveCfg = Release|Any CPU
		{DA5F9C71-A025-92CD-7F74-4431C4425CDE}.Release|Any CPU.Build.0 = Release|Any CPU
		{3472345C-52E8-0EDE-6D93-530C669EAF69}.Debug|Any CPU.ActiveCfg = Debug|Any CPU
		{3472345C-52E8-0EDE-6D93-530C669EAF69}.Debug|Any CPU.Build.0 = Debug|Any CPU
		{3472345C-52E8-0EDE-6D93-530C669EAF69}.Release|Any CPU.ActiveCfg = Release|Any CPU
		{3472345C-52E8-0EDE-6D93-530C669EAF69}.Release|Any CPU.Build.0 = Release|Any CPU
		{4FB11C1A-C97E-8D15-7C49-1278B5840F99}.Debug|Any CPU.ActiveCfg = Debug|Any CPU
		{4FB11C1A-C97E-8D15-7C49-1278B5840F99}.Debug|Any CPU.Build.0 = Debug|Any CPU
		{4FB11C1A-C97E-8D15-7C49-1278B5840F99}.Release|Any CPU.ActiveCfg = Release|Any CPU
		{4FB11C1A-C97E-8D15-7C49-1278B5840F99}.Release|Any CPU.Build.0 = Release|Any CPU
		{DDF394DF-A4FA-74FB-AB17-45BE5C9F4094}.Debug|Any CPU.ActiveCfg = Debug|Any CPU
		{DDF394DF-A4FA-74FB-AB17-45BE5C9F4094}.Debug|Any CPU.Build.0 = Debug|Any CPU
		{DDF394DF-A4FA-74FB-AB17-45BE5C9F4094}.Release|Any CPU.ActiveCfg = Release|Any CPU
		{DDF394DF-A4FA-74FB-AB17-45BE5C9F4094}.Release|Any CPU.Build.0 = Release|Any CPU
		{AA3BE4FF-F55E-DD4F-0EBF-27C7C0E5B859}.Debug|Any CPU.ActiveCfg = Debug|Any CPU
		{AA3BE4FF-F55E-DD4F-0EBF-27C7C0E5B859}.Debug|Any CPU.Build.0 = Debug|Any CPU
		{AA3BE4FF-F55E-DD4F-0EBF-27C7C0E5B859}.Release|Any CPU.ActiveCfg = Release|Any CPU
		{AA3BE4FF-F55E-DD4F-0EBF-27C7C0E5B859}.Release|Any CPU.Build.0 = Release|Any CPU
		{E6C8B803-89C6-F953-DCC9-DBEB5CCABDE2}.Debug|Any CPU.ActiveCfg = Debug|Any CPU
		{E6C8B803-89C6-F953-DCC9-DBEB5CCABDE2}.Debug|Any CPU.Build.0 = Debug|Any CPU
		{E6C8B803-89C6-F953-DCC9-DBEB5CCABDE2}.Release|Any CPU.ActiveCfg = Release|Any CPU
		{E6C8B803-89C6-F953-DCC9-DBEB5CCABDE2}.Release|Any CPU.Build.0 = Release|Any CPU
		{CB774878-BD67-9A57-25F2-9BE115C66C9D}.Debug|Any CPU.ActiveCfg = Debug|Any CPU
		{CB774878-BD67-9A57-25F2-9BE115C66C9D}.Debug|Any CPU.Build.0 = Debug|Any CPU
		{CB774878-BD67-9A57-25F2-9BE115C66C9D}.Release|Any CPU.ActiveCfg = Release|Any CPU
		{CB774878-BD67-9A57-25F2-9BE115C66C9D}.Release|Any CPU.Build.0 = Release|Any CPU
		{B8D40FFF-2624-16BD-3FE6-1BE638F061B0}.Debug|Any CPU.ActiveCfg = Debug|Any CPU
		{B8D40FFF-2624-16BD-3FE6-1BE638F061B0}.Debug|Any CPU.Build.0 = Debug|Any CPU
		{B8D40FFF-2624-16BD-3FE6-1BE638F061B0}.Release|Any CPU.ActiveCfg = Release|Any CPU
		{B8D40FFF-2624-16BD-3FE6-1BE638F061B0}.Release|Any CPU.Build.0 = Release|Any CPU
		{FCD803BA-42E6-5001-DEBB-10B15CC3F563}.Debug|Any CPU.ActiveCfg = Debug|Any CPU
		{FCD803BA-42E6-5001-DEBB-10B15CC3F563}.Debug|Any CPU.Build.0 = Debug|Any CPU
		{FCD803BA-42E6-5001-DEBB-10B15CC3F563}.Release|Any CPU.ActiveCfg = Release|Any CPU
		{FCD803BA-42E6-5001-DEBB-10B15CC3F563}.Release|Any CPU.Build.0 = Release|Any CPU
		{DFECA415-2254-D34E-4C59-AE06C2B3F5A9}.Debug|Any CPU.ActiveCfg = Debug|Any CPU
		{DFECA415-2254-D34E-4C59-AE06C2B3F5A9}.Debug|Any CPU.Build.0 = Debug|Any CPU
		{DFECA415-2254-D34E-4C59-AE06C2B3F5A9}.Release|Any CPU.ActiveCfg = Release|Any CPU
		{DFECA415-2254-D34E-4C59-AE06C2B3F5A9}.Release|Any CPU.Build.0 = Release|Any CPU
		{6D9C0E73-FC73-D89D-02AB-C75084E98862}.Debug|Any CPU.ActiveCfg = Debug|Any CPU
		{6D9C0E73-FC73-D89D-02AB-C75084E98862}.Debug|Any CPU.Build.0 = Debug|Any CPU
		{6D9C0E73-FC73-D89D-02AB-C75084E98862}.Release|Any CPU.ActiveCfg = Release|Any CPU
		{6D9C0E73-FC73-D89D-02AB-C75084E98862}.Release|Any CPU.Build.0 = Release|Any CPU
		{583D7210-A4C6-44B5-FF8C-513CB8A5D70C}.Debug|Any CPU.ActiveCfg = Debug|Any CPU
		{583D7210-A4C6-44B5-FF8C-513CB8A5D70C}.Debug|Any CPU.Build.0 = Debug|Any CPU
		{583D7210-A4C6-44B5-FF8C-513CB8A5D70C}.Release|Any CPU.ActiveCfg = Release|Any CPU
		{583D7210-A4C6-44B5-FF8C-513CB8A5D70C}.Release|Any CPU.Build.0 = Release|Any CPU
	EndGlobalSection
	GlobalSection(SolutionProperties) = preSolution
		HideSolutionNode = FALSE
	EndGlobalSection
EndGlobal
